
Microsoft Visual Studio Solution File, Format Version 12.00
# Visual Studio 15
VisualStudioVersion = 15.0.28307.852
MinimumVisualStudioVersion = 10.0.40219.1
Project("{FAE04EC0-301F-11D3-BF4B-00C04F79EFBC}") = "Invoice", "Invoice\Invoice.csproj", "{3B1FE28D-D5B5-4B8B-8B13-241A3A67AB8C}"
EndProject
Global
	GlobalSection(SolutionConfigurationPlatforms) = preSolution
		Debug|Any CPU = Debug|Any CPU
		Release|Any CPU = Release|Any CPU
	EndGlobalSection
	GlobalSection(ProjectConfigurationPlatforms) = postSolution
		{3B1FE28D-D5B5-4B8B-8B13-241A3A67AB8C}.Debug|Any CPU.ActiveCfg = Debug|Any CPU
		{3B1FE28D-D5B5-4B8B-8B13-241A3A67AB8C}.Debug|Any CPU.Build.0 = Debug|Any CPU
		{3B1FE28D-D5B5-4B8B-8B13-241A3A67AB8C}.Release|Any CPU.ActiveCfg = Release|Any CPU
		{3B1FE28D-D5B5-4B8B-8B13-241A3A67AB8C}.Release|Any CPU.Build.0 = Release|Any CPU
	EndGlobalSection
	GlobalSection(SolutionProperties) = preSolution
		HideSolutionNode = FALSE
	EndGlobalSection
	GlobalSection(ExtensibilityGlobals) = postSolution
		SolutionGuid = {C18C8A6F-578E-4108-A5B6-C6EE87A560C6}
	EndGlobalSection
EndGlobal
